
Microsoft Visual Studio Solution File, Format Version 12.00
# Visual Studio Version 17
VisualStudioVersion = 17.11.35303.130
MinimumVisualStudioVersion = 10.0.40219.1
Project("{2150E333-8FDC-42A3-9474-1A3956D46DE8}") = "Task0", "Task0", "{98647EBD-EED1-4819-B3B3-D3713978969E}"
EndProject
Project("{9A19103F-16F7-4668-BE54-9A1E7A4F7556}") = "Tyuiu.MedvedevMM.Sprint0.Task0.V0", "Tyuiu.MedvedevMM.Sprint0.Task0.V0\Tyuiu.MedvedevMM.Sprint0.Task0.V0.csproj", "{538B8BC2-7E82-4748-9566-6651B8168CFE}"
EndProject
Project("{2150E333-8FDC-42A3-9474-1A3956D46DE8}") = "Task1", "Task1", "{9A4F5525-9FAB-45C5-B768-BB5D9B2D3AF1}"
EndProject
Project("{9A19103F-16F7-4668-BE54-9A1E7A4F7556}") = "Tyuiu.MedvedevMM.Sprint0.Task1.V0", "Tyuiu.MedvedevMM.Sprint0.Task1.V0\Tyuiu.MedvedevMM.Sprint0.Task1.V0.csproj", "{F33922D3-5061-4136-B77A-50CC759DA541}"
EndProject
Project("{2150E333-8FDC-42A3-9474-1A3956D46DE8}") = "Task2", "Task2", "{79E7F4F4-A837-4670-88C9-DEC08CE359F8}"
EndProject
Project("{9A19103F-16F7-4668-BE54-9A1E7A4F7556}") = "Tyuiu.MedvedevMM.Sprint0.Task2.V0", "Tyuiu.MedvedevMM.Sprint0.Task2.V0\Tyuiu.MedvedevMM.Sprint0.Task2.V0.csproj", "{CD590DBE-B563-4D1D-817A-2BCC0A8BAE28}"
EndProject
Project("{9A19103F-16F7-4668-BE54-9A1E7A4F7556}") = "Tyuiu.MedvedevMM.Sprint0.Task2.V0.Lib", "Tyuiu.MedvedevMM.Sprint0.Task2.V0.Lib\Tyuiu.MedvedevMM.Sprint0.Task2.V0.Lib.csproj", "{35DD2590-162B-423F-9AAD-81C7CD8C9BA9}"
EndProject
Project("{9A19103F-16F7-4668-BE54-9A1E7A4F7556}") = "Tyuiu.MedvedevMM.Sprint0.Task2.V0.Test", "Tyuiu.MedvedevMM.Sprint0.Task2.V0.Test\Tyuiu.MedvedevMM.Sprint0.Task2.V0.Test.csproj", "{AF1F04FB-316F-41B8-8A5B-24373D900683}"
EndProject
Project("{2150E333-8FDC-42A3-9474-1A3956D46DE8}") = "Task3", "Task3", "{2808887C-D250-49E2-85EE-D2F5BB8F419D}"
EndProject
Project("{9A19103F-16F7-4668-BE54-9A1E7A4F7556}") = "Tyuiu.MedvedevMM.Sprint0.Task3.V0", "Tyuiu.MedvedevMM.Sprint0.Task3.V0\Tyuiu.MedvedevMM.Sprint0.Task3.V0.csproj", "{10407EF0-FA8A-4F22-BE62-AAAD0E1F2A80}"
EndProject
Project("{9A19103F-16F7-4668-BE54-9A1E7A4F7556}") = "Tyuiu.MedvedevMM.Sprint0.Task3.V0.Lib", "Tyuiu.MedvedevMM.Sprint0.Task3.V0.Lib\Tyuiu.MedvedevMM.Sprint0.Task3.V0.Lib.csproj", "{E32A24CB-53DB-4C6F-8F96-958F78BA5AE0}"
EndProject
Project("{9A19103F-16F7-4668-BE54-9A1E7A4F7556}") = "Tyuiu.MedvedevMM.Sprint0.Task3.V0.Test", "Tyuiu.MedvedevMM.Sprint0.Task3.V0.Test\Tyuiu.MedvedevMM.Sprint0.Task3.V0.Test.csproj", "{7B8550E3-5553-4BF3-8568-6D176C4C0F26}"
EndProject
Project("{2150E333-8FDC-42A3-9474-1A3956D46DE8}") = "Task4", "Task4", "{B3A143CF-E965-4BED-9869-A13E5C8D52F4}"
EndProject
Project("{9A19103F-16F7-4668-BE54-9A1E7A4F7556}") = "Tyuiu.MedvedevMM.Sprint0.Task4.V0", "Tyuiu.MedvedevMM.Sprint0.Task4.V0\Tyuiu.MedvedevMM.Sprint0.Task4.V0.csproj", "{5350DA31-2200-4036-B25E-642392E2AD08}"
EndProject
Project("{9A19103F-16F7-4668-BE54-9A1E7A4F7556}") = "Tyuiu.MedvedevMM.Sprint0.Task4.V0.Lib", "Tyuiu.MedvedevMM.Sprint0.Task4.V0.Lib\Tyuiu.MedvedevMM.Sprint0.Task4.V0.Lib.csproj", "{6E7B2CC9-0EDD-4F57-8D2E-0944D39D965A}"
EndProject
Project("{9A19103F-16F7-4668-BE54-9A1E7A4F7556}") = "Tyuiu.MedvedevMM.Sprint0.Task4.V0.Test", "Tyuiu.MedvedevMM.Sprint0.Task4.V0.Test\Tyuiu.MedvedevMM.Sprint0.Task4.V0.Test.csproj", "{F6CF2A78-95D3-4C6E-8B26-E94529ED8DE2}"
EndProject
Project("{2150E333-8FDC-42A3-9474-1A3956D46DE8}") = "Task5", "Task5", "{E3AD59F0-17B5-4EF5-A0D7-36BDB2CCC257}"
EndProject
Project("{FAE04EC0-301F-11D3-BF4B-00C04F79EFBC}") = "Tyuiu.MedvedevMM.Sprint0.Task5.V0", "Tyuiu.MedvedevMM.Sprint0.Task5.V0\Tyuiu.MedvedevMM.Sprint0.Task5.V0.csproj", "{303C9E23-925F-4EC5-8FA0-9F12C6FD3ACF}"
EndProject
Project("{FAE04EC0-301F-11D3-BF4B-00C04F79EFBC}") = "Tyuiu.MedvedevMM.Sprint0.Task5.V0.Lib", "Tyuiu.MedvedevMM.Sprint0.Task5.V0.Lib\Tyuiu.MedvedevMM.Sprint0.Task5.V0.Lib.csproj", "{A052C784-2921-4F9D-9C94-6EA2A410282E}"
EndProject
Project("{FAE04EC0-301F-11D3-BF4B-00C04F79EFBC}") = "Tyuiu.MedvedevMM.Sprint0.Task5.V0.Test", "Tyuiu.MedvedevMM.Sprint0.Task5.V0.Test\Tyuiu.MedvedevMM.Sprint0.Task5.V0.Test.csproj", "{A4EEA758-9638-48A3-8F76-A85E791F0B73}"
EndProject
Project("{2150E333-8FDC-42A3-9474-1A3956D46DE8}") = "Task6", "Task6", "{A0BD179B-9963-442F-9C22-AC1C7A3C6716}"
EndProject
Project("{FAE04EC0-301F-11D3-BF4B-00C04F79EFBC}") = "Tyuiu.MedvedevMM.Sprint0.Task6.V0", "Tyuiu.MedvedevMM.Sprint0.Task6.V0\Tyuiu.MedvedevMM.Sprint0.Task6.V0.csproj", "{769CF2F8-7F56-484F-A30C-40757C3B03A5}"
EndProject
Project("{FAE04EC0-301F-11D3-BF4B-00C04F79EFBC}") = "Tyuiu.MedvedevMM.Sprint0.Task6.V0.Lib", "Tyuiu.MedvedevMM.Sprint0.Task6.V0.Lib\Tyuiu.MedvedevMM.Sprint0.Task6.V0.Lib.csproj", "{A1AC757C-040C-4B5D-B197-FFB365D8C8DA}"
EndProject
Project("{FAE04EC0-301F-11D3-BF4B-00C04F79EFBC}") = "Tyuiu.MedvedevMM.Sprint0.Task6.V0.Test", "Tyuiu.MedvedevMM.Sprint0.Task6.V0.Test\Tyuiu.MedvedevMM.Sprint0.Task6.V0.Test.csproj", "{084D0CCA-11BD-4CEA-A630-21027673CE75}"
EndProject
Project("{2150E333-8FDC-42A3-9474-1A3956D46DE8}") = "Task7", "Task7", "{68FBAC9A-EA78-421A-80B9-A5E19B7333C6}"
EndProject
Project("{FAE04EC0-301F-11D3-BF4B-00C04F79EFBC}") = "Tyuiu.MedvedevMM.Sprint0.Task7.V0", "Tyuiu.MedvedevMM.Sprint0.Task7.V0\Tyuiu.MedvedevMM.Sprint0.Task7.V0.csproj", "{848E7A52-514A-464A-858F-ABFD9889ABC2}"
EndProject
Project("{FAE04EC0-301F-11D3-BF4B-00C04F79EFBC}") = "Tyuiu.MedvedevMM.Sprint0.Task7.V0.Lib", "Tyuiu.MedvedevMM.Sprint0.Task7.V0.Lib\Tyuiu.MedvedevMM.Sprint0.Task7.V0.Lib.csproj", "{A1BFA61D-65A4-42FE-87FF-CFCEBE421505}"
EndProject
Project("{FAE04EC0-301F-11D3-BF4B-00C04F79EFBC}") = "Tyuiu.MedvedevMM.Sprint0.Task7.V0.Test", "Tyuiu.MedvedevMM.Sprint0.Task7.V0.Test\Tyuiu.MedvedevMM.Sprint0.Task7.V0.Test.csproj", "{5073CD82-B7A1-466C-8C0E-060E9D402DE4}"
EndProject
Global
	GlobalSection(SolutionConfigurationPlatforms) = preSolution
		Debug|Any CPU = Debug|Any CPU
		Release|Any CPU = Release|Any CPU
	EndGlobalSection
	GlobalSection(ProjectConfigurationPlatforms) = postSolution
		{538B8BC2-7E82-4748-9566-6651B8168CFE}.Debug|Any CPU.ActiveCfg = Debug|Any CPU
		{538B8BC2-7E82-4748-9566-6651B8168CFE}.Debug|Any CPU.Build.0 = Debug|Any CPU
		{538B8BC2-7E82-4748-9566-6651B8168CFE}.Release|Any CPU.ActiveCfg = Release|Any CPU
		{538B8BC2-7E82-4748-9566-6651B8168CFE}.Release|Any CPU.Build.0 = Release|Any CPU
		{F33922D3-5061-4136-B77A-50CC759DA541}.Debug|Any CPU.ActiveCfg = Debug|Any CPU
		{F33922D3-5061-4136-B77A-50CC759DA541}.Debug|Any CPU.Build.0 = Debug|Any CPU
		{F33922D3-5061-4136-B77A-50CC759DA541}.Release|Any CPU.ActiveCfg = Release|Any CPU
		{F33922D3-5061-4136-B77A-50CC759DA541}.Release|Any CPU.Build.0 = Release|Any CPU
		{CD590DBE-B563-4D1D-817A-2BCC0A8BAE28}.Debug|Any CPU.ActiveCfg = Debug|Any CPU
		{CD590DBE-B563-4D1D-817A-2BCC0A8BAE28}.Debug|Any CPU.Build.0 = Debug|Any CPU
		{CD590DBE-B563-4D1D-817A-2BCC0A8BAE28}.Release|Any CPU.ActiveCfg = Release|Any CPU
		{CD590DBE-B563-4D1D-817A-2BCC0A8BAE28}.Release|Any CPU.Build.0 = Release|Any CPU
		{35DD2590-162B-423F-9AAD-81C7CD8C9BA9}.Debug|Any CPU.ActiveCfg = Debug|Any CPU
		{35DD2590-162B-423F-9AAD-81C7CD8C9BA9}.Debug|Any CPU.Build.0 = Debug|Any CPU
		{35DD2590-162B-423F-9AAD-81C7CD8C9BA9}.Release|Any CPU.ActiveCfg = Release|Any CPU
		{35DD2590-162B-423F-9AAD-81C7CD8C9BA9}.Release|Any CPU.Build.0 = Release|Any CPU
		{AF1F04FB-316F-41B8-8A5B-24373D900683}.Debug|Any CPU.ActiveCfg = Debug|Any CPU
		{AF1F04FB-316F-41B8-8A5B-24373D900683}.Debug|Any CPU.Build.0 = Debug|Any CPU
		{AF1F04FB-316F-41B8-8A5B-24373D900683}.Release|Any CPU.ActiveCfg = Release|Any CPU
		{AF1F04FB-316F-41B8-8A5B-24373D900683}.Release|Any CPU.Build.0 = Release|Any CPU
		{10407EF0-FA8A-4F22-BE62-AAAD0E1F2A80}.Debug|Any CPU.ActiveCfg = Debug|Any CPU
		{10407EF0-FA8A-4F22-BE62-AAAD0E1F2A80}.Debug|Any CPU.Build.0 = Debug|Any CPU
		{10407EF0-FA8A-4F22-BE62-AAAD0E1F2A80}.Release|Any CPU.ActiveCfg = Release|Any CPU
		{10407EF0-FA8A-4F22-BE62-AAAD0E1F2A80}.Release|Any CPU.Build.0 = Release|Any CPU
		{E32A24CB-53DB-4C6F-8F96-958F78BA5AE0}.Debug|Any CPU.ActiveCfg = Debug|Any CPU
		{E32A24CB-53DB-4C6F-8F96-958F78BA5AE0}.Debug|Any CPU.Build.0 = Debug|Any CPU
		{E32A24CB-53DB-4C6F-8F96-958F78BA5AE0}.Release|Any CPU.ActiveCfg = Release|Any CPU
		{E32A24CB-53DB-4C6F-8F96-958F78BA5AE0}.Release|Any CPU.Build.0 = Release|Any CPU
		{7B8550E3-5553-4BF3-8568-6D176C4C0F26}.Debug|Any CPU.ActiveCfg = Debug|Any CPU
		{7B8550E3-5553-4BF3-8568-6D176C4C0F26}.Debug|Any CPU.Build.0 = Debug|Any CPU
		{7B8550E3-5553-4BF3-8568-6D176C4C0F26}.Release|Any CPU.ActiveCfg = Release|Any CPU
		{7B8550E3-5553-4BF3-8568-6D176C4C0F26}.Release|Any CPU.Build.0 = Release|Any CPU
		{5350DA31-2200-4036-B25E-642392E2AD08}.Debug|Any CPU.ActiveCfg = Debug|Any CPU
		{5350DA31-2200-4036-B25E-642392E2AD08}.Debug|Any CPU.Build.0 = Debug|Any CPU
		{5350DA31-2200-4036-B25E-642392E2AD08}.Release|Any CPU.ActiveCfg = Release|Any CPU
		{5350DA31-2200-4036-B25E-642392E2AD08}.Release|Any CPU.Build.0 = Release|Any CPU
		{6E7B2CC9-0EDD-4F57-8D2E-0944D39D965A}.Debug|Any CPU.ActiveCfg = Debug|Any CPU
		{6E7B2CC9-0EDD-4F57-8D2E-0944D39D965A}.Debug|Any CPU.Build.0 = Debug|Any CPU
		{6E7B2CC9-0EDD-4F57-8D2E-0944D39D965A}.Release|Any CPU.ActiveCfg = Release|Any CPU
		{6E7B2CC9-0EDD-4F57-8D2E-0944D39D965A}.Release|Any CPU.Build.0 = Release|Any CPU
		{F6CF2A78-95D3-4C6E-8B26-E94529ED8DE2}.Debug|Any CPU.ActiveCfg = Debug|Any CPU
		{F6CF2A78-95D3-4C6E-8B26-E94529ED8DE2}.Debug|Any CPU.Build.0 = Debug|Any CPU
		{F6CF2A78-95D3-4C6E-8B26-E94529ED8DE2}.Release|Any CPU.ActiveCfg = Release|Any CPU
		{F6CF2A78-95D3-4C6E-8B26-E94529ED8DE2}.Release|Any CPU.Build.0 = Release|Any CPU
		{303C9E23-925F-4EC5-8FA0-9F12C6FD3ACF}.Debug|Any CPU.ActiveCfg = Debug|Any CPU
		{303C9E23-925F-4EC5-8FA0-9F12C6FD3ACF}.Debug|Any CPU.Build.0 = Debug|Any CPU
		{303C9E23-925F-4EC5-8FA0-9F12C6FD3ACF}.Release|Any CPU.ActiveCfg = Release|Any CPU
		{303C9E23-925F-4EC5-8FA0-9F12C6FD3ACF}.Release|Any CPU.Build.0 = Release|Any CPU
		{A052C784-2921-4F9D-9C94-6EA2A410282E}.Debug|Any CPU.ActiveCfg = Debug|Any CPU
		{A052C784-2921-4F9D-9C94-6EA2A410282E}.Debug|Any CPU.Build.0 = Debug|Any CPU
		{A052C784-2921-4F9D-9C94-6EA2A410282E}.Release|Any CPU.ActiveCfg = Release|Any CPU
		{A052C784-2921-4F9D-9C94-6EA2A410282E}.Release|Any CPU.Build.0 = Release|Any CPU
		{A4EEA758-9638-48A3-8F76-A85E791F0B73}.Debug|Any CPU.ActiveCfg = Debug|Any CPU
		{A4EEA758-9638-48A3-8F76-A85E791F0B73}.Debug|Any CPU.Build.0 = Debug|Any CPU
		{A4EEA758-9638-48A3-8F76-A85E791F0B73}.Release|Any CPU.ActiveCfg = Release|Any CPU
		{A4EEA758-9638-48A3-8F76-A85E791F0B73}.Release|Any CPU.Build.0 = Release|Any CPU
		{769CF2F8-7F56-484F-A30C-40757C3B03A5}.Debug|Any CPU.ActiveCfg = Debug|Any CPU
		{769CF2F8-7F56-484F-A30C-40757C3B03A5}.Debug|Any CPU.Build.0 = Debug|Any CPU
		{769CF2F8-7F56-484F-A30C-40757C3B03A5}.Release|Any CPU.ActiveCfg = Release|Any CPU
		{769CF2F8-7F56-484F-A30C-40757C3B03A5}.Release|Any CPU.Build.0 = Release|Any CPU
		{A1AC757C-040C-4B5D-B197-FFB365D8C8DA}.Debug|Any CPU.ActiveCfg = Debug|Any CPU
		{A1AC757C-040C-4B5D-B197-FFB365D8C8DA}.Debug|Any CPU.Build.0 = Debug|Any CPU
		{A1AC757C-040C-4B5D-B197-FFB365D8C8DA}.Release|Any CPU.ActiveCfg = Release|Any CPU
		{A1AC757C-040C-4B5D-B197-FFB365D8C8DA}.Release|Any CPU.Build.0 = Release|Any CPU
		{084D0CCA-11BD-4CEA-A630-21027673CE75}.Debug|Any CPU.ActiveCfg = Debug|Any CPU
		{084D0CCA-11BD-4CEA-A630-21027673CE75}.Debug|Any CPU.Build.0 = Debug|Any CPU
		{084D0CCA-11BD-4CEA-A630-21027673CE75}.Release|Any CPU.ActiveCfg = Release|Any CPU
		{084D0CCA-11BD-4CEA-A630-21027673CE75}.Release|Any CPU.Build.0 = Release|Any CPU
		{848E7A52-514A-464A-858F-ABFD9889ABC2}.Debug|Any CPU.ActiveCfg = Debug|Any CPU
		{848E7A52-514A-464A-858F-ABFD9889ABC2}.Debug|Any CPU.Build.0 = Debug|Any CPU
		{848E7A52-514A-464A-858F-ABFD9889ABC2}.Release|Any CPU.ActiveCfg = Release|Any CPU
		{848E7A52-514A-464A-858F-ABFD9889ABC2}.Release|Any CPU.Build.0 = Release|Any CPU
		{A1BFA61D-65A4-42FE-87FF-CFCEBE421505}.Debug|Any CPU.ActiveCfg = Debug|Any CPU
		{A1BFA61D-65A4-42FE-87FF-CFCEBE421505}.Debug|Any CPU.Build.0 = Debug|Any CPU
		{A1BFA61D-65A4-42FE-87FF-CFCEBE421505}.Release|Any CPU.ActiveCfg = Release|Any CPU
		{A1BFA61D-65A4-42FE-87FF-CFCEBE421505}.Release|Any CPU.Build.0 = Release|Any CPU
		{5073CD82-B7A1-466C-8C0E-060E9D402DE4}.Debug|Any CPU.ActiveCfg = Debug|Any CPU
		{5073CD82-B7A1-466C-8C0E-060E9D402DE4}.Debug|Any CPU.Build.0 = Debug|Any CPU
		{5073CD82-B7A1-466C-8C0E-060E9D402DE4}.Release|Any CPU.ActiveCfg = Release|Any CPU
		{5073CD82-B7A1-466C-8C0E-060E9D402DE4}.Release|Any CPU.Build.0 = Release|Any CPU
	EndGlobalSection
	GlobalSection(SolutionProperties) = preSolution
		HideSolutionNode = FALSE
	EndGlobalSection
	GlobalSection(NestedProjects) = preSolution
		{538B8BC2-7E82-4748-9566-6651B8168CFE} = {98647EBD-EED1-4819-B3B3-D3713978969E}
		{F33922D3-5061-4136-B77A-50CC759DA541} = {9A4F5525-9FAB-45C5-B768-BB5D9B2D3AF1}
		{CD590DBE-B563-4D1D-817A-2BCC0A8BAE28} = {79E7F4F4-A837-4670-88C9-DEC08CE359F8}
		{35DD2590-162B-423F-9AAD-81C7CD8C9BA9} = {79E7F4F4-A837-4670-88C9-DEC08CE359F8}
		{AF1F04FB-316F-41B8-8A5B-24373D900683} = {79E7F4F4-A837-4670-88C9-DEC08CE359F8}
		{10407EF0-FA8A-4F22-BE62-AAAD0E1F2A80} = {2808887C-D250-49E2-85EE-D2F5BB8F419D}
		{E32A24CB-53DB-4C6F-8F96-958F78BA5AE0} = {2808887C-D250-49E2-85EE-D2F5BB8F419D}
		{7B8550E3-5553-4BF3-8568-6D176C4C0F26} = {2808887C-D250-49E2-85EE-D2F5BB8F419D}
		{5350DA31-2200-4036-B25E-642392E2AD08} = {B3A143CF-E965-4BED-9869-A13E5C8D52F4}
		{6E7B2CC9-0EDD-4F57-8D2E-0944D39D965A} = {B3A143CF-E965-4BED-9869-A13E5C8D52F4}
		{F6CF2A78-95D3-4C6E-8B26-E94529ED8DE2} = {B3A143CF-E965-4BED-9869-A13E5C8D52F4}
		{303C9E23-925F-4EC5-8FA0-9F12C6FD3ACF} = {E3AD59F0-17B5-4EF5-A0D7-36BDB2CCC257}
		{A052C784-2921-4F9D-9C94-6EA2A410282E} = {E3AD59F0-17B5-4EF5-A0D7-36BDB2CCC257}
		{A4EEA758-9638-48A3-8F76-A85E791F0B73} = {E3AD59F0-17B5-4EF5-A0D7-36BDB2CCC257}
		{769CF2F8-7F56-484F-A30C-40757C3B03A5} = {A0BD179B-9963-442F-9C22-AC1C7A3C6716}
		{A1AC757C-040C-4B5D-B197-FFB365D8C8DA} = {A0BD179B-9963-442F-9C22-AC1C7A3C6716}
		{084D0CCA-11BD-4CEA-A630-21027673CE75} = {A0BD179B-9963-442F-9C22-AC1C7A3C6716}
		{848E7A52-514A-464A-858F-ABFD9889ABC2} = {68FBAC9A-EA78-421A-80B9-A5E19B7333C6}
		{A1BFA61D-65A4-42FE-87FF-CFCEBE421505} = {68FBAC9A-EA78-421A-80B9-A5E19B7333C6}
		{5073CD82-B7A1-466C-8C0E-060E9D402DE4} = {68FBAC9A-EA78-421A-80B9-A5E19B7333C6}
	EndGlobalSection
	GlobalSection(ExtensibilityGlobals) = postSolution
		SolutionGuid = {DBD1D434-8825-4A43-AE69-2DD34EB2436D}
	EndGlobalSection
EndGlobal
